// !$*UTF8*$!
{
	archiveVersion = 1;
	classes = {
	};
	objectVersion = 77;
	objects = {

/* Begin PBXBuildFile section */
		BFCBF9EE2D080A5F007554B7 /* Preview Assets.xcassets in Resources */ = {isa = PBXBuildFile; fileRef = BFCBF9E82D080A5F007554B7 /* Preview Assets.xcassets */; };
		BFCBF9EF2D080A5F007554B7 /* Assets.xcassets in Resources */ = {isa = PBXBuildFile; fileRef = BFCBF9EA2D080A5F007554B7 /* Assets.xcassets */; };
		BFCBF9F02D080A5F007554B7 /* ContentView.swift in Sources */ = {isa = PBXBuildFile; fileRef = BFCBF9EB2D080A5F007554B7 /* ContentView.swift */; };
		BFCBF9F12D080A5F007554B7 /* TabViewCustomizationApp.swift in Sources */ = {isa = PBXBuildFile; fileRef = BFCBF9EC2D080A5F007554B7 /* TabViewCustomizationApp.swift */; };
		BFCBF9F32D080A87007554B7 /* TabViewCust01.swift in Sources */ = {isa = PBXBuildFile; fileRef = BFCBF9F22D080A87007554B7 /* TabViewCust01.swift */; };
		BFCBF9F52D080DC5007554B7 /* TabViewCust02.swift in Sources */ = {isa = PBXBuildFile; fileRef = BFCBF9F42D080DC5007554B7 /* TabViewCust02.swift */; };
		BFCBF9F72D081171007554B7 /* TabViewCust03.swift in Sources */ = {isa = PBXBuildFile; fileRef = BFCBF9F62D081171007554B7 /* TabViewCust03.swift */; };
		BFCBF9F92D0816B9007554B7 /* TabViewCust04.swift in Sources */ = {isa = PBXBuildFile; fileRef = BFCBF9F82D0816B9007554B7 /* TabViewCust04.swift */; };
/* End PBXBuildFile section */

/* Begin PBXFileReference section */
		BFCBF9D72D080A4E007554B7 /* TabViewCustomization.app */ = {isa = PBXFileReference; explicitFileType = wrapper.application; includeInIndex = 0; path = TabViewCustomization.app; sourceTree = BUILT_PRODUCTS_DIR; };
		BFCBF9E82D080A5F007554B7 /* Preview Assets.xcassets */ = {isa = PBXFileReference; lastKnownFileType = folder.assetcatalog; path = "Preview Assets.xcassets"; sourceTree = "<group>"; };
		BFCBF9EA2D080A5F007554B7 /* Assets.xcassets */ = {isa = PBXFileReference; lastKnownFileType = folder.assetcatalog; path = Assets.xcassets; sourceTree = "<group>"; };
		BFCBF9EB2D080A5F007554B7 /* ContentView.swift */ = {isa = PBXFileReference; lastKnownFileType = sourcecode.swift; path = ContentView.swift; sourceTree = "<group>"; };
		BFCBF9EC2D080A5F007554B7 /* TabViewCustomizationApp.swift */ = {isa = PBXFileReference; lastKnownFileType = sourcecode.swift; path = TabViewCustomizationApp.swift; sourceTree = "<group>"; };
		BFCBF9F22D080A87007554B7 /* TabViewCust01.swift */ = {isa = PBXFileReference; lastKnownFileType = sourcecode.swift; path = TabViewCust01.swift; sourceTree = "<group>"; };
		BFCBF9F42D080DC5007554B7 /* TabViewCust02.swift */ = {isa = PBXFileReference; lastKnownFileType = sourcecode.swift; path = TabViewCust02.swift; sourceTree = "<group>"; };
		BFCBF9F62D081171007554B7 /* TabViewCust03.swift */ = {isa = PBXFileReference; lastKnownFileType = sourcecode.swift; path = TabViewCust03.swift; sourceTree = "<group>"; };
		BFCBF9F82D0816B9007554B7 /* TabViewCust04.swift */ = {isa = PBXFileReference; lastKnownFileType = sourcecode.swift; path = TabViewCust04.swift; sourceTree = "<group>"; };
/* End PBXFileReference section */

/* Begin PBXFrameworksBuildPhase section */
		BFCBF9D42D080A4E007554B7 /* Frameworks */ = {
			isa = PBXFrameworksBuildPhase;
			buildActionMask = 2147483647;
			files = (
			);
			runOnlyForDeploymentPostprocessing = 0;
		};
/* End PBXFrameworksBuildPhase section */

/* Begin PBXGroup section */
		BFCBF9CE2D080A4E007554B7 = {
			isa = PBXGroup;
			children = (
				BFCBF9ED2D080A5F007554B7 /* TabViewCustomization */,
				BFCBF9D82D080A4E007554B7 /* Products */,
			);
			sourceTree = "<group>";
		};
		BFCBF9D82D080A4E007554B7 /* Products */ = {
			isa = PBXGroup;
			children = (
				BFCBF9D72D080A4E007554B7 /* TabViewCustomization.app */,
			);
			name = Products;
			sourceTree = "<group>";
		};
		BFCBF9E92D080A5F007554B7 /* Preview Content */ = {
			isa = PBXGroup;
			children = (
				BFCBF9E82D080A5F007554B7 /* Preview Assets.xcassets */,
			);
			path = "Preview Content";
			sourceTree = "<group>";
		};
		BFCBF9ED2D080A5F007554B7 /* TabViewCustomization */ = {
			isa = PBXGroup;
			children = (
				BFCBF9EA2D080A5F007554B7 /* Assets.xcassets */,
				BFCBF9EB2D080A5F007554B7 /* ContentView.swift */,
				BFCBF9F22D080A87007554B7 /* TabViewCust01.swift */,
				BFCBF9F42D080DC5007554B7 /* TabViewCust02.swift */,
				BFCBF9F62D081171007554B7 /* TabViewCust03.swift */,
				BFCBF9F82D0816B9007554B7 /* TabViewCust04.swift */,
				BFCBF9EC2D080A5F007554B7 /* TabViewCustomizationApp.swift */,
				BFCBF9E92D080A5F007554B7 /* Preview Content */,
			);
			path = TabViewCustomization;
			sourceTree = "<group>";
		};
/* End PBXGroup section */

/* Begin PBXNativeTarget section */
		BFCBF9D62D080A4E007554B7 /* TabViewCustomization */ = {
			isa = PBXNativeTarget;
			buildConfigurationList = BFCBF9E52D080A50007554B7 /* Build configuration list for PBXNativeTarget "TabViewCustomization" */;
			buildPhases = (
				BFCBF9D32D080A4E007554B7 /* Sources */,
				BFCBF9D42D080A4E007554B7 /* Frameworks */,
				BFCBF9D52D080A4E007554B7 /* Resources */,
			);
			buildRules = (
			);
			dependencies = (
			);
			name = TabViewCustomization;
			packageProductDependencies = (
			);
			productName = TabViewCustomization;
			productReference = BFCBF9D72D080A4E007554B7 /* TabViewCustomization.app */;
			productType = "com.apple.product-type.application";
		};
/* End PBXNativeTarget section */

/* Begin PBXProject section */
		BFCBF9CF2D080A4E007554B7 /* Project object */ = {
			isa = PBXProject;
			attributes = {
				BuildIndependentTargetsInParallel = 1;
				LastSwiftUpdateCheck = 1610;
				LastUpgradeCheck = 1610;
				TargetAttributes = {
					BFCBF9D62D080A4E007554B7 = {
						CreatedOnToolsVersion = 16.1;
					};
				};
			};
			buildConfigurationList = BFCBF9D22D080A4E007554B7 /* Build configuration list for PBXProject "TabViewCustomization" */;
			developmentRegion = en;
			hasScannedForEncodings = 0;
			knownRegions = (
				en,
				Base,
			);
			mainGroup = BFCBF9CE2D080A4E007554B7;
			minimizedProjectReferenceProxies = 1;
			preferredProjectObjectVersion = 77;
			productRefGroup = BFCBF9D82D080A4E007554B7 /* Products */;
			projectDirPath = "";
			projectRoot = "";
			targets = (
				BFCBF9D62D080A4E007554B7 /* TabViewCustomization */,
			);
		};
/* End PBXProject section */

/* Begin PBXResourcesBuildPhase section */
		BFCBF9D52D080A4E007554B7 /* Resources */ = {
			isa = PBXResourcesBuildPhase;
			buildActionMask = 2147483647;
			files = (
				BFCBF9EE2D080A5F007554B7 /* Preview Assets.xcassets in Resources */,
				BFCBF9EF2D080A5F007554B7 /* Assets.xcassets in Resources */,
			);
			runOnlyForDeploymentPostprocessing = 0;
		};
/* End PBXResourcesBuildPhase section */

/* Begin PBXSourcesBuildPhase section */
		BFCBF9D32D080A4E007554B7 /* Sources */ = {
			isa = PBXSourcesBuildPhase;
			buildActionMask = 2147483647;
			files = (
				BFCBF9F02D080A5F007554B7 /* ContentView.swift in Sources */,
				BFCBF9F92D0816B9007554B7 /* TabViewCust04.swift in Sources */,
				BFCBF9F52D080DC5007554B7 /* TabViewCust02.swift in Sources */,
				BFCBF9F32D080A87007554B7 /* TabViewCust01.swift in Sources */,
				BFCBF9F72D081171007554B7 /* TabViewCust03.swift in Sources */,
				BFCBF9F12D080A5F007554B7 /* TabViewCustomizationApp.swift in Sources */,
			);
			runOnlyForDeploymentPostprocessing = 0;
		};
/* End PBXSourcesBuildPhase section */

/* Begin XCBuildConfiguration section */
		BFCBF9E32D080A50007554B7 /* Debug */ = {
			isa = XCBuildConfiguration;
			buildSettings = {
				ALWAYS_SEARCH_USER_PATHS = NO;
				ASSETCATALOG_COMPILER_GENERATE_SWIFT_ASSET_SYMBOL_EXTENSIONS = YES;
				CLANG_ANALYZER_NONNULL = YES;
				CLANG_ANALYZER_NUMBER_OBJECT_CONVERSION = YES_AGGRESSIVE;
				CLANG_CXX_LANGUAGE_STANDARD = "gnu++20";
				CLANG_ENABLE_MODULES = YES;
				CLANG_ENABLE_OBJC_ARC = YES;
				CLANG_ENABLE_OBJC_WEAK = YES;
				CLANG_WARN_BLOCK_CAPTURE_AUTORELEASING = YES;
				CLANG_WARN_BOOL_CONVERSION = YES;
				CLANG_WARN_COMMA = YES;
				CLANG_WARN_CONSTANT_CONVERSION = YES;
				CLANG_WARN_DEPRECATED_OBJC_IMPLEMENTATIONS = YES;
				CLANG_WARN_DIRECT_OBJC_ISA_USAGE = YES_ERROR;
				CLANG_WARN_DOCUMENTATION_COMMENTS = YES;
				CLANG_WARN_EMPTY_BODY = YES;
				CLANG_WARN_ENUM_CONVERSION = YES;
				CLANG_WARN_INFINITE_RECURSION = YES;
				CLANG_WARN_INT_CONVERSION = YES;
				CLANG_WARN_NON_LITERAL_NULL_CONVERSION = YES;
				CLANG_WARN_OBJC_IMPLICIT_RETAIN_SELF = YES;
				CLANG_WARN_OBJC_LITERAL_CONVERSION = YES;
				CLANG_WARN_OBJC_ROOT_CLASS = YES_ERROR;
				CLANG_WARN_QUOTED_INCLUDE_IN_FRAMEWORK_HEADER = YES;
				CLANG_WARN_RANGE_LOOP_ANALYSIS = YES;
				CLANG_WARN_STRICT_PROTOTYPES = YES;
				CLANG_WARN_SUSPICIOUS_MOVE = YES;
				CLANG_WARN_UNGUARDED_AVAILABILITY = YES_AGGRESSIVE;
				CLANG_WARN_UNREACHABLE_CODE = YES;
				CLANG_WARN__DUPLICATE_METHOD_MATCH = YES;
				COPY_PHASE_STRIP = NO;
				DEBUG_INFORMATION_FORMAT = dwarf;
				ENABLE_STRICT_OBJC_MSGSEND = YES;
				ENABLE_TESTABILITY = YES;
				ENABLE_USER_SCRIPT_SANDBOXING = YES;
				GCC_C_LANGUAGE_STANDARD = gnu17;
				GCC_DYNAMIC_NO_PIC = NO;
				GCC_NO_COMMON_BLOCKS = YES;
				GCC_OPTIMIZATION_LEVEL = 0;
				GCC_PREPROCESSOR_DEFINITIONS = (
					"DEBUG=1",
					"$(inherited)",
				);
				GCC_WARN_64_TO_32_BIT_CONVERSION = YES;
				GCC_WARN_ABOUT_RETURN_TYPE = YES_ERROR;
				GCC_WARN_UNDECLARED_SELECTOR = YES;
				GCC_WARN_UNINITIALIZED_AUTOS = YES_AGGRESSIVE;
				GCC_WARN_UNUSED_FUNCTION = YES;
				GCC_WARN_UNUSED_VARIABLE = YES;
				IPHONEOS_DEPLOYMENT_TARGET = 18.1;
				LOCALIZATION_PREFERS_STRING_CATALOGS = YES;
				MTL_ENABLE_DEBUG_INFO = INCLUDE_SOURCE;
				MTL_FAST_MATH = YES;
				ONLY_ACTIVE_ARCH = YES;
				SDKROOT = iphoneos;
				SWIFT_ACTIVE_COMPILATION_CONDITIONS = "DEBUG $(inherited)";
				SWIFT_OPTIMIZATION_LEVEL = "-Onone";
			};
			name = Debug;
		};
		BFCBF9E42D080A50007554B7 /* Release */ = {
			isa = XCBuildConfiguration;
			buildSettings = {
				ALWAYS_SEARCH_USER_PATHS = NO;
				ASSETCATALOG_COMPILER_GENERATE_SWIFT_ASSET_SYMBOL_EXTENSIONS = YES;
				CLANG_ANALYZER_NONNULL = YES;
				CLANG_ANALYZER_NUMBER_OBJECT_CONVERSION = YES_AGGRESSIVE;
				CLANG_CXX_LANGUAGE_STANDARD = "gnu++20";
				CLANG_ENABLE_MODULES = YES;
				CLANG_ENABLE_OBJC_ARC = YES;
				CLANG_ENABLE_OBJC_WEAK = YES;
				CLANG_WARN_BLOCK_CAPTURE_AUTORELEASING = YES;
				CLANG_WARN_BOOL_CONVERSION = YES;
				CLANG_WARN_COMMA = YES;
				CLANG_WARN_CONSTANT_CONVERSION = YES;
				CLANG_WARN_DEPRECATED_OBJC_IMPLEMENTATIONS = YES;
				CLANG_WARN_DIRECT_OBJC_ISA_USAGE = YES_ERROR;
				CLANG_WARN_DOCUMENTATION_COMMENTS = YES;
				CLANG_WARN_EMPTY_BODY = YES;
				CLANG_WARN_ENUM_CONVERSION = YES;
				CLANG_WARN_INFINITE_RECURSION = YES;
				CLANG_WARN_INT_CONVERSION = YES;
				CLANG_WARN_NON_LITERAL_NULL_CONVERSION = YES;
				CLANG_WARN_OBJC_IMPLICIT_RETAIN_SELF = YES;
				CLANG_WARN_OBJC_LITERAL_CONVERSION = YES;
				CLANG_WARN_OBJC_ROOT_CLASS = YES_ERROR;
				CLANG_WARN_QUOTED_INCLUDE_IN_FRAMEWORK_HEADER = YES;
				CLANG_WARN_RANGE_LOOP_ANALYSIS = YES;
				CLANG_WARN_STRICT_PROTOTYPES = YES;
				CLANG_WARN_SUSPICIOUS_MOVE = YES;
				CLANG_WARN_UNGUARDED_AVAILABILITY = YES_AGGRESSIVE;
				CLANG_WARN_UNREACHABLE_CODE = YES;
				CLANG_WARN__DUPLICATE_METHOD_MATCH = YES;
				COPY_PHASE_STRIP = NO;
				DEBUG_INFORMATION_FORMAT = "dwarf-with-dsym";
				ENABLE_NS_ASSERTIONS = NO;
				ENABLE_STRICT_OBJC_MSGSEND = YES;
				ENABLE_USER_SCRIPT_SANDBOXING = YES;
				GCC_C_LANGUAGE_STANDARD = gnu17;
				GCC_NO_COMMON_BLOCKS = YES;
				GCC_WARN_64_TO_32_BIT_CONVERSION = YES;
				GCC_WARN_ABOUT_RETURN_TYPE = YES_ERROR;
				GCC_WARN_UNDECLARED_SELECTOR = YES;
				GCC_WARN_UNINITIALIZED_AUTOS = YES_AGGRESSIVE;
				GCC_WARN_UNUSED_FUNCTION = YES;
				GCC_WARN_UNUSED_VARIABLE = YES;
				IPHONEOS_DEPLOYMENT_TARGET = 18.1;
				LOCALIZATION_PREFERS_STRING_CATALOGS = YES;
				MTL_ENABLE_DEBUG_INFO = NO;
				MTL_FAST_MATH = YES;
				SDKROOT = iphoneos;
				SWIFT_COMPILATION_MODE = wholemodule;
				VALIDATE_PRODUCT = YES;
			};
			name = Release;
		};
		BFCBF9E62D080A50007554B7 /* Debug */ = {
			isa = XCBuildConfiguration;
			buildSettings = {
				ASSETCATALOG_COMPILER_APPICON_NAME = AppIcon;
				ASSETCATALOG_COMPILER_GLOBAL_ACCENT_COLOR_NAME = AccentColor;
				CODE_SIGN_STYLE = Automatic;
				CURRENT_PROJECT_VERSION = 1;
				DEVELOPMENT_ASSET_PATHS = "\"TabViewCustomization/Preview Content\"";
				DEVELOPMENT_TEAM = T9MD4URZFH;
				ENABLE_PREVIEWS = YES;
				GENERATE_INFOPLIST_FILE = YES;
				INFOPLIST_KEY_UIApplicationSceneManifest_Generation = YES;
				INFOPLIST_KEY_UIApplicationSupportsIndirectInputEvents = YES;
				INFOPLIST_KEY_UILaunchScreen_Generation = YES;
				INFOPLIST_KEY_UISupportedInterfaceOrientations_iPad = "UIInterfaceOrientationPortrait UIInterfaceOrientationPortraitUpsideDown UIInterfaceOrientationLandscapeLeft UIInterfaceOrientationLandscapeRight";
				INFOPLIST_KEY_UISupportedInterfaceOrientations_iPhone = "UIInterfaceOrientationPortrait UIInterfaceOrientationLandscapeLeft UIInterfaceOrientationLandscapeRight";
				LD_RUNPATH_SEARCH_PATHS = (
					"$(inherited)",
					"@executable_path/Frameworks",
				);
				MARKETING_VERSION = 1.0;
				PRODUCT_BUNDLE_IDENTIFIER = com.superkookai.TabViewCustomization;
				PRODUCT_NAME = "$(TARGET_NAME)";
				SWIFT_EMIT_LOC_STRINGS = YES;
				SWIFT_VERSION = 5.0;
				TARGETED_DEVICE_FAMILY = "1,2";
			};
			name = Debug;
		};
		BFCBF9E72D080A50007554B7 /* Release */ = {
			isa = XCBuildConfiguration;
			buildSettings = {
				ASSETCATALOG_COMPILER_APPICON_NAME = AppIcon;
				ASSETCATALOG_COMPILER_GLOBAL_ACCENT_COLOR_NAME = AccentColor;
				CODE_SIGN_STYLE = Automatic;
				CURRENT_PROJECT_VERSION = 1;
				DEVELOPMENT_ASSET_PATHS = "\"TabViewCustomization/Preview Content\"";
				DEVELOPMENT_TEAM = T9MD4URZFH;
				ENABLE_PREVIEWS = YES;
				GENERATE_INFOPLIST_FILE = YES;
				INFOPLIST_KEY_UIApplicationSceneManifest_Generation = YES;
				INFOPLIST_KEY_UIApplicationSupportsIndirectInputEvents = YES;
				INFOPLIST_KEY_UILaunchScreen_Generation = YES;
				INFOPLIST_KEY_UISupportedInterfaceOrientations_iPad = "UIInterfaceOrientationPortrait UIInterfaceOrientationPortraitUpsideDown UIInterfaceOrientationLandscapeLeft UIInterfaceOrientationLandscapeRight";
				INFOPLIST_KEY_UISupportedInterfaceOrientations_iPhone = "UIInterfaceOrientationPortrait UIInterfaceOrientationLandscapeLeft UIInterfaceOrientationLandscapeRight";
				LD_RUNPATH_SEARCH_PATHS = (
					"$(inherited)",
					"@executable_path/Frameworks",
				);
				MARKETING_VERSION = 1.0;
				PRODUCT_BUNDLE_IDENTIFIER = com.superkookai.TabViewCustomization;
				PRODUCT_NAME = "$(TARGET_NAME)";
				SWIFT_EMIT_LOC_STRINGS = YES;
				SWIFT_VERSION = 5.0;
				TARGETED_DEVICE_FAMILY = "1,2";
			};
			name = Release;
		};
/* End XCBuildConfiguration section */

/* Begin XCConfigurationList section */
		BFCBF9D22D080A4E007554B7 /* Build configuration list for PBXProject "TabViewCustomization" */ = {
			isa = XCConfigurationList;
			buildConfigurations = (
				BFCBF9E32D080A50007554B7 /* Debug */,
				BFCBF9E42D080A50007554B7 /* Release */,
			);
			defaultConfigurationIsVisible = 0;
			defaultConfigurationName = Release;
		};
		BFCBF9E52D080A50007554B7 /* Build configuration list for PBXNativeTarget "TabViewCustomization" */ = {
			isa = XCConfigurationList;
			buildConfigurations = (
				BFCBF9E62D080A50007554B7 /* Debug */,
				BFCBF9E72D080A50007554B7 /* Release */,
			);
			defaultConfigurationIsVisible = 0;
			defaultConfigurationName = Release;
		};
/* End XCConfigurationList section */
	};
	rootObject = BFCBF9CF2D080A4E007554B7 /* Project object */;
}
